
Microsoft Visual Studio Solution File, Format Version 12.00
# Visual Studio 14
VisualStudioVersion = 14.0.25420.1
MinimumVisualStudioVersion = 10.0.40219.1
Project("{FAE04EC0-301F-11D3-BF4B-00C04F79EFBC}") = "ViniciusMaiaITIXWebApp", "ViniciusMaiaITIXWebApp\ViniciusMaiaITIXWebApp.csproj", "{3D65232B-68B9-4407-A2A5-79EDF9BD278C}"
EndProject
Project("{FAE04EC0-301F-11D3-BF4B-00C04F79EFBC}") = "ViniciusMaiaITIXWebApp.Tests", "ViniciusMaiaITIXWebApp.Tests\ViniciusMaiaITIXWebApp.Tests.csproj", "{004CBCB1-E9B1-4086-A2F3-2D37FE040FD1}"
EndProject
Global
	GlobalSection(SolutionConfigurationPlatforms) = preSolution
		Debug|Any CPU = Debug|Any CPU
		Release|Any CPU = Release|Any CPU
	EndGlobalSection
	GlobalSection(ProjectConfigurationPlatforms) = postSolution
		{3D65232B-68B9-4407-A2A5-79EDF9BD278C}.Debug|Any CPU.ActiveCfg = Debug|Any CPU
		{3D65232B-68B9-4407-A2A5-79EDF9BD278C}.Debug|Any CPU.Build.0 = Debug|Any CPU
		{3D65232B-68B9-4407-A2A5-79EDF9BD278C}.Release|Any CPU.ActiveCfg = Release|Any CPU
		{3D65232B-68B9-4407-A2A5-79EDF9BD278C}.Release|Any CPU.Build.0 = Release|Any CPU
		{004CBCB1-E9B1-4086-A2F3-2D37FE040FD1}.Debug|Any CPU.ActiveCfg = Debug|Any CPU
		{004CBCB1-E9B1-4086-A2F3-2D37FE040FD1}.Debug|Any CPU.Build.0 = Debug|Any CPU
		{004CBCB1-E9B1-4086-A2F3-2D37FE040FD1}.Release|Any CPU.ActiveCfg = Release|Any CPU
		{004CBCB1-E9B1-4086-A2F3-2D37FE040FD1}.Release|Any CPU.Build.0 = Release|Any CPU
	EndGlobalSection
	GlobalSection(SolutionProperties) = preSolution
		HideSolutionNode = FALSE
	EndGlobalSection
EndGlobal
